
Microsoft Visual Studio Solution File, Format Version 12.00
# Visual Studio Version 16
VisualStudioVersion = 16.0.31605.320
MinimumVisualStudioVersion = 10.0.40219.1
Project("{FAE04EC0-301F-11D3-BF4B-00C04F79EFBC}") = "close-and-cheap", "close-and-cheap.csproj", "{0DB14B29-8C88-48D2-BFCB-8DC8432473F4}"
EndProject
Global
	GlobalSection(SolutionConfigurationPlatforms) = preSolution
		Debug|Any CPU = Debug|Any CPU
		Release|Any CPU = Release|Any CPU
	EndGlobalSection
	GlobalSection(ProjectConfigurationPlatforms) = postSolution
		{0DB14B29-8C88-48D2-BFCB-8DC8432473F4}.Debug|Any CPU.ActiveCfg = Debug|Any CPU
		{0DB14B29-8C88-48D2-BFCB-8DC8432473F4}.Debug|Any CPU.Build.0 = Debug|Any CPU
		{0DB14B29-8C88-48D2-BFCB-8DC8432473F4}.Release|Any CPU.ActiveCfg = Release|Any CPU
		{0DB14B29-8C88-48D2-BFCB-8DC8432473F4}.Release|Any CPU.Build.0 = Release|Any CPU
	EndGlobalSection
	GlobalSection(SolutionProperties) = preSolution
		HideSolutionNode = FALSE
	EndGlobalSection
	GlobalSection(ExtensibilityGlobals) = postSolution
		SolutionGuid = {957AA559-69DC-4A72-ABEF-09C820ACC803}
	EndGlobalSection
EndGlobal
